PODS:
  - Alamofire (5.6.2)
  - CocoaLumberjack/Core (3.7.4)
  - CocoaLumberjack/Swift (3.7.4):
    - CocoaLumberjack/Core
  - DeviceKit (4.6.1)
  - OneAssistSDK (0.0.4):
    - Alamofire
    - CocoaLumberjack/Swift
    - DeviceKit

DEPENDENCIES:
  - OneAssistSDK (= 0.0.4)

SPEC REPOS:
  trunk:
    - Alamofire
    - CocoaLumberjack
    - DeviceKit
    - OneAssistSDK

SPEC CHECKSUMS:
  Alamofire: d368e1ff8a298e6dde360e35a3e68e6c610e7204
  CocoaLumberjack: 543c79c114dadc3b1aba95641d8738b06b05b646
  DeviceKit: 316f28290430467278b8a0d1c895968efa9e16e2
  OneAssistSDK: 66a5d4f4a7ef713f369226ef0b5543cbbe6e7474

PODFILE CHECKSUM: 08f8e1d87c18fcdc25d10f7049fdfca8a51a21ae

COCOAPODS: 1.11.3
